
Microsoft Visual Studio Solution File, Format Version 10.00
# Visual Studio 2008
Project("{FAE04EC0-301F-11D3-BF4B-00C04F79EFBC}") = "Elev8-Groundstation", "Elev8-Groundstation.csproj", "{0DFDBFA9-1653-484B-BC2C-1571E16144FD}"
EndProject
Global
	GlobalSection(SolutionConfigurationPlatforms) = preSolution
		Debug|Any CPU = Debug|Any CPU
		Release|Any CPU = Release|Any CPU
	EndGlobalSection
	GlobalSection(ProjectConfigurationPlatforms) = postSolution
		{0DFDBFA9-1653-484B-BC2C-1571E16144FD}.Debug|Any CPU.ActiveCfg = Debug|Any CPU
		{0DFDBFA9-1653-484B-BC2C-1571E16144FD}.Debug|Any CPU.Build.0 = Debug|Any CPU
		{0DFDBFA9-1653-484B-BC2C-1571E16144FD}.Release|Any CPU.ActiveCfg = Release|Any CPU
		{0DFDBFA9-1653-484B-BC2C-1571E16144FD}.Release|Any CPU.Build.0 = Release|Any CPU
	EndGlobalSection
	GlobalSection(SolutionProperties) = preSolution
		HideSolutionNode = FALSE
	EndGlobalSection
EndGlobal
